
Microsoft Visual Studio Solution File, Format Version 12.00
# Visual Studio Version 17
VisualStudioVersion = 17.3.32901.215
MinimumVisualStudioVersion = 10.0.40219.1
Project("{FAE04EC0-301F-11D3-BF4B-00C04F79EFBC}") = "Hassaan-Khalil_Exercise1", "Hassaan-Khalil_Exercise1\Hassaan-Khalil_Exercise1.csproj", "{E08503B9-669E-4055-BEE1-0D846420771D}"
EndProject
Project("{FAE04EC0-301F-11D3-BF4B-00C04F79EFBC}") = "Hassaan-Khalil_Exercise2", "Hassaan-Khalil_Exercise02\Hassaan-Khalil_Exercise2.csproj", "{19361FD8-B6ED-4DA7-B394-2CC775A2E8E7}"
EndProject
Project("{FAE04EC0-301F-11D3-BF4B-00C04F79EFBC}") = "Hassaan-Khalil_Exercise3", "Hassaan-Khalil_Exercise3\Hassaan-Khalil_Exercise3.csproj", "{AB8A4134-4A03-4F26-AA0A-EBB8F582B783}"
EndProject
Project("{FAE04EC0-301F-11D3-BF4B-00C04F79EFBC}") = "Hassaan-Khalil_Exercise4", "Hassaan-Khalil_Exercise4\Hassaan-Khalil_Exercise4.csproj", "{40E1B6EB-A865-4337-A0FF-1BC2719B4A1D}"
EndProject
Project("{FAE04EC0-301F-11D3-BF4B-00C04F79EFBC}") = "Hassaan-Khalil_Exercise5", "Hassaan-Khalil_Exercise5\Hassaan-Khalil_Exercise5.csproj", "{DB5EDC59-283F-4BDE-9546-FF191DD084E9}"
EndProject
Global
	GlobalSection(SolutionConfigurationPlatforms) = preSolution
		Debug|Any CPU = Debug|Any CPU
		Release|Any CPU = Release|Any CPU
	EndGlobalSection
	GlobalSection(ProjectConfigurationPlatforms) = postSolution
		{E08503B9-669E-4055-BEE1-0D846420771D}.Debug|Any CPU.ActiveCfg = Debug|Any CPU
		{E08503B9-669E-4055-BEE1-0D846420771D}.Debug|Any CPU.Build.0 = Debug|Any CPU
		{E08503B9-669E-4055-BEE1-0D846420771D}.Release|Any CPU.ActiveCfg = Release|Any CPU
		{E08503B9-669E-4055-BEE1-0D846420771D}.Release|Any CPU.Build.0 = Release|Any CPU
		{19361FD8-B6ED-4DA7-B394-2CC775A2E8E7}.Debug|Any CPU.ActiveCfg = Debug|Any CPU
		{19361FD8-B6ED-4DA7-B394-2CC775A2E8E7}.Debug|Any CPU.Build.0 = Debug|Any CPU
		{19361FD8-B6ED-4DA7-B394-2CC775A2E8E7}.Release|Any CPU.ActiveCfg = Release|Any CPU
		{19361FD8-B6ED-4DA7-B394-2CC775A2E8E7}.Release|Any CPU.Build.0 = Release|Any CPU
		{AB8A4134-4A03-4F26-AA0A-EBB8F582B783}.Debug|Any CPU.ActiveCfg = Debug|Any CPU
		{AB8A4134-4A03-4F26-AA0A-EBB8F582B783}.Debug|Any CPU.Build.0 = Debug|Any CPU
		{AB8A4134-4A03-4F26-AA0A-EBB8F582B783}.Release|Any CPU.ActiveCfg = Release|Any CPU
		{AB8A4134-4A03-4F26-AA0A-EBB8F582B783}.Release|Any CPU.Build.0 = Release|Any CPU
		{40E1B6EB-A865-4337-A0FF-1BC2719B4A1D}.Debug|Any CPU.ActiveCfg = Debug|Any CPU
		{40E1B6EB-A865-4337-A0FF-1BC2719B4A1D}.Debug|Any CPU.Build.0 = Debug|Any CPU
		{40E1B6EB-A865-4337-A0FF-1BC2719B4A1D}.Release|Any CPU.ActiveCfg = Release|Any CPU
		{40E1B6EB-A865-4337-A0FF-1BC2719B4A1D}.Release|Any CPU.Build.0 = Release|Any CPU
		{DB5EDC59-283F-4BDE-9546-FF191DD084E9}.Debug|Any CPU.ActiveCfg = Debug|Any CPU
		{DB5EDC59-283F-4BDE-9546-FF191DD084E9}.Debug|Any CPU.Build.0 = Debug|Any CPU
		{DB5EDC59-283F-4BDE-9546-FF191DD084E9}.Release|Any CPU.ActiveCfg = Release|Any CPU
		{DB5EDC59-283F-4BDE-9546-FF191DD084E9}.Release|Any CPU.Build.0 = Release|Any CPU
	EndGlobalSection
	GlobalSection(SolutionProperties) = preSolution
		HideSolutionNode = FALSE
	EndGlobalSection
	GlobalSection(ExtensibilityGlobals) = postSolution
		SolutionGuid = {D4CCA08E-D0D5-473A-8076-03CFD9C51EE2}
	EndGlobalSection
EndGlobal
